
Microsoft Visual Studio Solution File, Format Version 12.00
# Visual Studio Version 17
VisualStudioVersion = 17.7.34024.191
MinimumVisualStudioVersion = 10.0.40219.1
Project("{FAE04EC0-301F-11D3-BF4B-00C04F79EFBC}") = "MinimalAPICatalogo", "MinimalAPICatalogo.csproj", "{BB17C62D-3CDF-48A5-80E9-D8FF64ABB622}"
EndProject
Global
	GlobalSection(SolutionConfigurationPlatforms) = preSolution
		Debug|Any CPU = Debug|Any CPU
		Release|Any CPU = Release|Any CPU
	EndGlobalSection
	GlobalSection(ProjectConfigurationPlatforms) = postSolution
		{BB17C62D-3CDF-48A5-80E9-D8FF64ABB622}.Debug|Any CPU.ActiveCfg = Debug|Any CPU
		{BB17C62D-3CDF-48A5-80E9-D8FF64ABB622}.Debug|Any CPU.Build.0 = Debug|Any CPU
		{BB17C62D-3CDF-48A5-80E9-D8FF64ABB622}.Release|Any CPU.ActiveCfg = Release|Any CPU
		{BB17C62D-3CDF-48A5-80E9-D8FF64ABB622}.Release|Any CPU.Build.0 = Release|Any CPU
	EndGlobalSection
	GlobalSection(SolutionProperties) = preSolution
		HideSolutionNode = FALSE
	EndGlobalSection
	GlobalSection(ExtensibilityGlobals) = postSolution
		SolutionGuid = {0EA6C6DF-FD48-4DE3-9AAB-698BE5B6C934}
	EndGlobalSection
EndGlobal
